
Microsoft Visual Studio Solution File, Format Version 12.00
Project("{FAE04EC0-301F-11D3-BF4B-00C04F79EFBC}") = "DateCriteria.NET", "DateCriteria.NET\DateCriteria.NET.csproj", "{D3A04EB2-B370-4087-8A56-833DB8299453}"
EndProject
Project("{FAE04EC0-301F-11D3-BF4B-00C04F79EFBC}") = "DateCriteria.NET.Tests", "..\test\DateCriteria.NET.Tests\DateCriteria.NET.Tests.csproj", "{76E86680-B7C5-4E7B-9448-18B9DA030F66}"
EndProject
Global
	GlobalSection(SolutionConfigurationPlatforms) = preSolution
		Debug|Any CPU = Debug|Any CPU
		Release|Any CPU = Release|Any CPU
	EndGlobalSection
	GlobalSection(ProjectConfigurationPlatforms) = postSolution
		{D3A04EB2-B370-4087-8A56-833DB8299453}.Debug|Any CPU.ActiveCfg = Debug|Any CPU
		{D3A04EB2-B370-4087-8A56-833DB8299453}.Debug|Any CPU.Build.0 = Debug|Any CPU
		{D3A04EB2-B370-4087-8A56-833DB8299453}.Release|Any CPU.ActiveCfg = Release|Any CPU
		{D3A04EB2-B370-4087-8A56-833DB8299453}.Release|Any CPU.Build.0 = Release|Any CPU
		{76E86680-B7C5-4E7B-9448-18B9DA030F66}.Debug|Any CPU.ActiveCfg = Debug|Any CPU
		{76E86680-B7C5-4E7B-9448-18B9DA030F66}.Debug|Any CPU.Build.0 = Debug|Any CPU
		{76E86680-B7C5-4E7B-9448-18B9DA030F66}.Release|Any CPU.ActiveCfg = Release|Any CPU
		{76E86680-B7C5-4E7B-9448-18B9DA030F66}.Release|Any CPU.Build.0 = Release|Any CPU
	EndGlobalSection
EndGlobal
